
Microsoft Visual Studio Solution File, Format Version 12.00
# Visual Studio Version 17
VisualStudioVersion = 17.0.31903.59
MinimumVisualStudioVersion = 10.0.40219.1
Project("{FAE04EC0-301F-11D3-BF4B-00C04F79EFBC}") = "UNOGame", "UNOGame\UNOGame.csproj", "{1C2EF7C5-892B-4656-86F7-D7026A2CA63B}"
EndProject
Project("{FAE04EC0-301F-11D3-BF4B-00C04F79EFBC}") = "UNOGame.Tests", "UNOGame.Tests\UNOGame.Tests.csproj", "{D0696B42-7E56-4845-9C6C-CB9391E7B633}"
EndProject
Global
	GlobalSection(SolutionConfigurationPlatforms) = preSolution
		Debug|Any CPU = Debug|Any CPU
		Debug|x64 = Debug|x64
		Debug|x86 = Debug|x86
		Release|Any CPU = Release|Any CPU
		Release|x64 = Release|x64
		Release|x86 = Release|x86
	EndGlobalSection
	GlobalSection(ProjectConfigurationPlatforms) = postSolution
		{1C2EF7C5-892B-4656-86F7-D7026A2CA63B}.Debug|Any CPU.ActiveCfg = Debug|Any CPU
		{1C2EF7C5-892B-4656-86F7-D7026A2CA63B}.Debug|Any CPU.Build.0 = Debug|Any CPU
		{1C2EF7C5-892B-4656-86F7-D7026A2CA63B}.Debug|x64.ActiveCfg = Debug|Any CPU
		{1C2EF7C5-892B-4656-86F7-D7026A2CA63B}.Debug|x64.Build.0 = Debug|Any CPU
		{1C2EF7C5-892B-4656-86F7-D7026A2CA63B}.Debug|x86.ActiveCfg = Debug|Any CPU
		{1C2EF7C5-892B-4656-86F7-D7026A2CA63B}.Debug|x86.Build.0 = Debug|Any CPU
		{1C2EF7C5-892B-4656-86F7-D7026A2CA63B}.Release|Any CPU.ActiveCfg = Release|Any CPU
		{1C2EF7C5-892B-4656-86F7-D7026A2CA63B}.Release|Any CPU.Build.0 = Release|Any CPU
		{1C2EF7C5-892B-4656-86F7-D7026A2CA63B}.Release|x64.ActiveCfg = Release|Any CPU
		{1C2EF7C5-892B-4656-86F7-D7026A2CA63B}.Release|x64.Build.0 = Release|Any CPU
		{1C2EF7C5-892B-4656-86F7-D7026A2CA63B}.Release|x86.ActiveCfg = Release|Any CPU
		{1C2EF7C5-892B-4656-86F7-D7026A2CA63B}.Release|x86.Build.0 = Release|Any CPU
		{D0696B42-7E56-4845-9C6C-CB9391E7B633}.Debug|Any CPU.ActiveCfg = Debug|Any CPU
		{D0696B42-7E56-4845-9C6C-CB9391E7B633}.Debug|Any CPU.Build.0 = Debug|Any CPU
		{D0696B42-7E56-4845-9C6C-CB9391E7B633}.Debug|x64.ActiveCfg = Debug|Any CPU
		{D0696B42-7E56-4845-9C6C-CB9391E7B633}.Debug|x64.Build.0 = Debug|Any CPU
		{D0696B42-7E56-4845-9C6C-CB9391E7B633}.Debug|x86.ActiveCfg = Debug|Any CPU
		{D0696B42-7E56-4845-9C6C-CB9391E7B633}.Debug|x86.Build.0 = Debug|Any CPU
		{D0696B42-7E56-4845-9C6C-CB9391E7B633}.Release|Any CPU.ActiveCfg = Release|Any CPU
		{D0696B42-7E56-4845-9C6C-CB9391E7B633}.Release|Any CPU.Build.0 = Release|Any CPU
		{D0696B42-7E56-4845-9C6C-CB9391E7B633}.Release|x64.ActiveCfg = Release|Any CPU
		{D0696B42-7E56-4845-9C6C-CB9391E7B633}.Release|x64.Build.0 = Release|Any CPU
		{D0696B42-7E56-4845-9C6C-CB9391E7B633}.Release|x86.ActiveCfg = Release|Any CPU
		{D0696B42-7E56-4845-9C6C-CB9391E7B633}.Release|x86.Build.0 = Release|Any CPU
	EndGlobalSection
	GlobalSection(SolutionProperties) = preSolution
		HideSolutionNode = FALSE
	EndGlobalSection
EndGlobal
